
Microsoft Visual Studio Solution File, Format Version 12.00
# Visual Studio 15
VisualStudioVersion = 15.0.27703.2000
MinimumVisualStudioVersion = 10.0.40219.1
Project("{FAE04EC0-301F-11D3-BF4B-00C04F79EFBC}") = "AmaurysAutoSong", "AmaurysAutoSong\AmaurysAutoSong.csproj", "{EAAEFA51-F0B1-49F4-9E00-691385E438CC}"
EndProject
Global
	GlobalSection(SolutionConfigurationPlatforms) = preSolution
		Debug|Any CPU = Debug|Any CPU
		Release|Any CPU = Release|Any CPU
	EndGlobalSection
	GlobalSection(ProjectConfigurationPlatforms) = postSolution
		{EAAEFA51-F0B1-49F4-9E00-691385E438CC}.Debug|Any CPU.ActiveCfg = Debug|Any CPU
		{EAAEFA51-F0B1-49F4-9E00-691385E438CC}.Debug|Any CPU.Build.0 = Debug|Any CPU
		{EAAEFA51-F0B1-49F4-9E00-691385E438CC}.Release|Any CPU.ActiveCfg = Release|Any CPU
		{EAAEFA51-F0B1-49F4-9E00-691385E438CC}.Release|Any CPU.Build.0 = Release|Any CPU
	EndGlobalSection
	GlobalSection(SolutionProperties) = preSolution
		HideSolutionNode = FALSE
	EndGlobalSection
	GlobalSection(ExtensibilityGlobals) = postSolution
		SolutionGuid = {C094CAC8-D82A-42E8-969F-42C80C1E92F9}
	EndGlobalSection
EndGlobal
